
Microsoft Visual Studio Solution File, Format Version 12.00
# Visual Studio Version 17
VisualStudioVersion = 17.11.35312.102
MinimumVisualStudioVersion = 10.0.40219.1
Project("{FAE04EC0-301F-11D3-BF4B-00C04F79EFBC}") = "VoidChests", "VoidChests\VoidChests.csproj", "{C8DFB882-3B44-4645-A87C-E0937D8B1B91}"
EndProject
Global
	GlobalSection(SolutionConfigurationPlatforms) = preSolution
		Debug|Any CPU = Debug|Any CPU
		Release|Any CPU = Release|Any CPU
	EndGlobalSection
	GlobalSection(ProjectConfigurationPlatforms) = postSolution
		{C8DFB882-3B44-4645-A87C-E0937D8B1B91}.Debug|Any CPU.ActiveCfg = Debug|Any CPU
		{C8DFB882-3B44-4645-A87C-E0937D8B1B91}.Debug|Any CPU.Build.0 = Debug|Any CPU
		{C8DFB882-3B44-4645-A87C-E0937D8B1B91}.Release|Any CPU.ActiveCfg = Release|Any CPU
		{C8DFB882-3B44-4645-A87C-E0937D8B1B91}.Release|Any CPU.Build.0 = Release|Any CPU
	EndGlobalSection
	GlobalSection(SolutionProperties) = preSolution
		HideSolutionNode = FALSE
	EndGlobalSection
	GlobalSection(ExtensibilityGlobals) = postSolution
		SolutionGuid = {D6DF0C73-2793-48FF-B745-B4BC98BFCF1F}
	EndGlobalSection
EndGlobal
